// !$*UTF8*$!
{
	archiveVersion = 1;
	classes = {
	};
	objectVersion = 50;
	objects = {

/* Begin PBXBuildFile section */
		1448B1D92387B064000933A7 /* LoginViewController.swift in Sources */ = {isa = PBXBuildFile; fileRef = 1448B1D82387B064000933A7 /* LoginViewController.swift */; };
		14A5531D2379D461002B7F42 /* Main.storyboard in Resources */ = {isa = PBXBuildFile; fileRef = 14A5531C2379D461002B7F42 /* Main.storyboard */; };
		14A55321237A595C002B7F42 /* ShantalViewController.swift in Sources */ = {isa = PBXBuildFile; fileRef = 14A55320237A595C002B7F42 /* ShantalViewController.swift */; };
		14DD824B2386FFBA00B96080 /* ProfileViewController.swift in Sources */ = {isa = PBXBuildFile; fileRef = 14DD824A2386FFBA00B96080 /* ProfileViewController.swift */; };
		14DD824D2387024200B96080 /* imageProfile.swift in Sources */ = {isa = PBXBuildFile; fileRef = 14DD824C2387024200B96080 /* imageProfile.swift */; };
		A2E9CDEC2379CBF200A7340F /* AmarachiStoryboard.storyboard in Resources */ = {isa = PBXBuildFile; fileRef = A2E9CDEB2379CBF200A7340F /* AmarachiStoryboard.storyboard */; };
		C374C9202383903300BF2C3F /* AllNamesViewController.swift in Sources */ = {isa = PBXBuildFile; fileRef = C374C91F2383903300BF2C3F /* AllNamesViewController.swift */; };
		C374C9222383983A00BF2C3F /* MyClassViewController.swift in Sources */ = {isa = PBXBuildFile; fileRef = C374C9212383983A00BF2C3F /* MyClassViewController.swift */; };
		CFBA9121237309A300A41058 /* AppDelegate.swift in Sources */ = {isa = PBXBuildFile; fileRef = CFBA9120237309A300A41058 /* AppDelegate.swift */; };
		CFBA9123237309A300A41058 /* ViewController.swift in Sources */ = {isa = PBXBuildFile; fileRef = CFBA9122237309A300A41058 /* ViewController.swift */; };
		CFBA9126237309A300A41058 /* Main1.storyboard in Resources */ = {isa = PBXBuildFile; fileRef = CFBA9124237309A300A41058 /* Main1.storyboard */; };
		CFBA9129237309A300A41058 /* C_Organizer.xcdatamodeld in Sources */ = {isa = PBXBuildFile; fileRef = CFBA9127237309A300A41058 /* C_Organizer.xcdatamodeld */; };
		CFBA912B237309A500A41058 /* Assets.xcassets in Resources */ = {isa = PBXBuildFile; fileRef = CFBA912A237309A500A41058 /* Assets.xcassets */; };
		CFBA912E237309A500A41058 /* LaunchScreen.storyboard in Resources */ = {isa = PBXBuildFile; fileRef = CFBA912C237309A500A41058 /* LaunchScreen.storyboard */; };
/* End PBXBuildFile section */

/* Begin PBXFileReference section */
		1448B1D82387B064000933A7 /* LoginViewController.swift */ = {isa = PBXFileReference; lastKnownFileType = sourcecode.swift; path = LoginViewController.swift; sourceTree = "<group>"; };
		14A5531C2379D461002B7F42 /* Main.storyboard */ = {isa = PBXFileReference; lastKnownFileType = file.storyboard; path = Main.storyboard; sourceTree = "<group>"; };
		14A55320237A595C002B7F42 /* ShantalViewController.swift */ = {isa = PBXFileReference; lastKnownFileType = sourcecode.swift; path = ShantalViewController.swift; sourceTree = "<group>"; };
		14DD824A2386FFBA00B96080 /* ProfileViewController.swift */ = {isa = PBXFileReference; lastKnownFileType = sourcecode.swift; path = ProfileViewController.swift; sourceTree = "<group>"; };
		14DD824C2387024200B96080 /* imageProfile.swift */ = {isa = PBXFileReference; lastKnownFileType = sourcecode.swift; path = imageProfile.swift; sourceTree = "<group>"; };
		A2E9CDEB2379CBF200A7340F /* AmarachiStoryboard.storyboard */ = {isa = PBXFileReference; lastKnownFileType = file.storyboard; path = AmarachiStoryboard.storyboard; sourceTree = "<group>"; };
		C374C91F2383903300BF2C3F /* AllNamesViewController.swift */ = {isa = PBXFileReference; lastKnownFileType = sourcecode.swift; path = AllNamesViewController.swift; sourceTree = "<group>"; };
		C374C9212383983A00BF2C3F /* MyClassViewController.swift */ = {isa = PBXFileReference; lastKnownFileType = sourcecode.swift; path = MyClassViewController.swift; sourceTree = "<group>"; };
		CFBA911D237309A300A41058 /* C-Organizer.app */ = {isa = PBXFileReference; explicitFileType = wrapper.application; includeInIndex = 0; path = "C-Organizer.app"; sourceTree = BUILT_PRODUCTS_DIR; };
		CFBA9120237309A300A41058 /* AppDelegate.swift */ = {isa = PBXFileReference; lastKnownFileType = sourcecode.swift; path = AppDelegate.swift; sourceTree = "<group>"; };
		CFBA9122237309A300A41058 /* ViewController.swift */ = {isa = PBXFileReference; lastKnownFileType = sourcecode.swift; path = ViewController.swift; sourceTree = "<group>"; };
		CFBA9125237309A300A41058 /* Base */ = {isa = PBXFileReference; lastKnownFileType = file.storyboard; name = Base; path = Base.lproj/Main1.storyboard; sourceTree = "<group>"; };
		CFBA9128237309A300A41058 /* C_Organizer.xcdatamodel */ = {isa = PBXFileReference; lastKnownFileType = wrapper.xcdatamodel; path = C_Organizer.xcdatamodel; sourceTree = "<group>"; };
		CFBA912A237309A500A41058 /* Assets.xcassets */ = {isa = PBXFileReference; lastKnownFileType = folder.assetcatalog; path = Assets.xcassets; sourceTree = "<group>"; };
		CFBA912D237309A500A41058 /* Base */ = {isa = PBXFileReference; lastKnownFileType = file.storyboard; name = Base; path = Base.lproj/LaunchScreen.storyboard; sourceTree = "<group>"; };
		CFBA912F237309A500A41058 /* Info.plist */ = {isa = PBXFileReference; lastKnownFileType = text.plist.xml; path = Info.plist; sourceTree = "<group>"; };
/* End PBXFileReference section */

/* Begin PBXFrameworksBuildPhase section */
		CFBA911A237309A300A41058 /* Frameworks */ = {
			isa = PBXFrameworksBuildPhase;
			buildActionMask = 2147483647;
			files = (
			);
			runOnlyForDeploymentPostprocessing = 0;
		};
/* End PBXFrameworksBuildPhase section */

/* Begin PBXGroup section */
		CFBA9114237309A300A41058 = {
			isa = PBXGroup;
			children = (
				C374C91F2383903300BF2C3F /* AllNamesViewController.swift */,
				14DD824A2386FFBA00B96080 /* ProfileViewController.swift */,
				C374C9212383983A00BF2C3F /* MyClassViewController.swift */,
				14A55320237A595C002B7F42 /* ShantalViewController.swift */,
				CFBA911F237309A300A41058 /* C-Organizer */,
				CFBA911E237309A300A41058 /* Products */,
			);
			sourceTree = "<group>";
		};
		CFBA911E237309A300A41058 /* Products */ = {
			isa = PBXGroup;
			children = (
				CFBA911D237309A300A41058 /* C-Organizer.app */,
			);
			name = Products;
			sourceTree = "<group>";
		};
		CFBA911F237309A300A41058 /* C-Organizer */ = {
			isa = PBXGroup;
			children = (
				CFBA9120237309A300A41058 /* AppDelegate.swift */,
				CFBA9122237309A300A41058 /* ViewController.swift */,
				CFBA9124237309A300A41058 /* Main1.storyboard */,
				1448B1D82387B064000933A7 /* LoginViewController.swift */,
				A2E9CDEB2379CBF200A7340F /* AmarachiStoryboard.storyboard */,
				14A5531C2379D461002B7F42 /* Main.storyboard */,
				14DD824C2387024200B96080 /* imageProfile.swift */,
				CFBA912A237309A500A41058 /* Assets.xcassets */,
				CFBA912C237309A500A41058 /* LaunchScreen.storyboard */,
				CFBA912F237309A500A41058 /* Info.plist */,
				CFBA9127237309A300A41058 /* C_Organizer.xcdatamodeld */,
			);
			path = "C-Organizer";
			sourceTree = "<group>";
		};
/* End PBXGroup section */

/* Begin PBXNativeTarget section */
		CFBA911C237309A300A41058 /* C-Organizer */ = {
			isa = PBXNativeTarget;
			buildConfigurationList = CFBA9132237309A500A41058 /* Build configuration list for PBXNativeTarget "C-Organizer" */;
			buildPhases = (
				CFBA9119237309A300A41058 /* Sources */,
				CFBA911A237309A300A41058 /* Frameworks */,
				CFBA911B237309A300A41058 /* Resources */,
			);
			buildRules = (
			);
			dependencies = (
			);
			name = "C-Organizer";
			productName = "C-Organizer";
			productReference = CFBA911D237309A300A41058 /* C-Organizer.app */;
			productType = "com.apple.product-type.application";
		};
/* End PBXNativeTarget section */

/* Begin PBXProject section */
		CFBA9115237309A300A41058 /* Project object */ = {
			isa = PBXProject;
			attributes = {
				LastSwiftUpdateCheck = 1030;
				LastUpgradeCheck = 1030;
				ORGANIZATIONNAME = "Keneisha Wiggan";
				TargetAttributes = {
					CFBA911C237309A300A41058 = {
						CreatedOnToolsVersion = 10.3;
					};
				};
			};
			buildConfigurationList = CFBA9118237309A300A41058 /* Build configuration list for PBXProject "C-Organizer" */;
			compatibilityVersion = "Xcode 9.3";
			developmentRegion = en;
			hasScannedForEncodings = 0;
			knownRegions = (
				en,
				Base,
			);
			mainGroup = CFBA9114237309A300A41058;
			productRefGroup = CFBA911E237309A300A41058 /* Products */;
			projectDirPath = "";
			projectRoot = "";
			targets = (
				CFBA911C237309A300A41058 /* C-Organizer */,
			);
		};
/* End PBXProject section */

/* Begin PBXResourcesBuildPhase section */
		CFBA911B237309A300A41058 /* Resources */ = {
			isa = PBXResourcesBuildPhase;
			buildActionMask = 2147483647;
			files = (
				CFBA912E237309A500A41058 /* LaunchScreen.storyboard in Resources */,
				CFBA912B237309A500A41058 /* Assets.xcassets in Resources */,
				CFBA9126237309A300A41058 /* Main1.storyboard in Resources */,
				A2E9CDEC2379CBF200A7340F /* AmarachiStoryboard.storyboard in Resources */,
				14A5531D2379D461002B7F42 /* Main.storyboard in Resources */,
			);
			runOnlyForDeploymentPostprocessing = 0;
		};
/* End PBXResourcesBuildPhase section */

/* Begin PBXSourcesBuildPhase section */
		CFBA9119237309A300A41058 /* Sources */ = {
			isa = PBXSourcesBuildPhase;
			buildActionMask = 2147483647;
			files = (
				CFBA9123237309A300A41058 /* ViewController.swift in Sources */,
				14DD824D2387024200B96080 /* imageProfile.swift in Sources */,
				CFBA9129237309A300A41058 /* C_Organizer.xcdatamodeld in Sources */,
				C374C9202383903300BF2C3F /* AllNamesViewController.swift in Sources */,
				C374C9222383983A00BF2C3F /* MyClassViewController.swift in Sources */,
				14DD824B2386FFBA00B96080 /* ProfileViewController.swift in Sources */,
				14A55321237A595C002B7F42 /* ShantalViewController.swift in Sources */,
				CFBA9121237309A300A41058 /* AppDelegate.swift in Sources */,
				1448B1D92387B064000933A7 /* LoginViewController.swift in Sources */,
			);
			runOnlyForDeploymentPostprocessing = 0;
		};
/* End PBXSourcesBuildPhase section */

/* Begin PBXVariantGroup section */
		CFBA9124237309A300A41058 /* Main1.storyboard */ = {
			isa = PBXVariantGroup;
			children = (
				CFBA9125237309A300A41058 /* Base */,
			);
			name = Main1.storyboard;
			sourceTree = "<group>";
		};
		CFBA912C237309A500A41058 /* LaunchScreen.storyboard */ = {
			isa = PBXVariantGroup;
			children = (
				CFBA912D237309A500A41058 /* Base */,
			);
			name = LaunchScreen.storyboard;
			sourceTree = "<group>";
		};
/* End PBXVariantGroup section */

/* Begin XCBuildConfiguration section */
		CFBA9130237309A500A41058 /* Debug */ = {
			isa = XCBuildConfiguration;
			buildSettings = {
				ALWAYS_SEARCH_USER_PATHS = NO;
				CLANG_ANALYZER_NONNULL = YES;
				CLANG_ANALYZER_NUMBER_OBJECT_CONVERSION = YES_AGGRESSIVE;
				CLANG_CXX_LANGUAGE_STANDARD = "gnu++14";
				CLANG_CXX_LIBRARY = "libc++";
				CLANG_ENABLE_MODULES = YES;
				CLANG_ENABLE_OBJC_ARC = YES;
				CLANG_ENABLE_OBJC_WEAK = YES;
				CLANG_WARN_BLOCK_CAPTURE_AUTORELEASING = YES;
				CLANG_WARN_BOOL_CONVERSION = YES;
				CLANG_WARN_COMMA = YES;
				CLANG_WARN_CONSTANT_CONVERSION = YES;
				CLANG_WARN_DEPRECATED_OBJC_IMPLEMENTATIONS = YES;
				CLANG_WARN_DIRECT_OBJC_ISA_USAGE = YES_ERROR;
				CLANG_WARN_DOCUMENTATION_COMMENTS = YES;
				CLANG_WARN_EMPTY_BODY = YES;
				CLANG_WARN_ENUM_CONVERSION = YES;
				CLANG_WARN_INFINITE_RECURSION = YES;
				CLANG_WARN_INT_CONVERSION = YES;
				CLANG_WARN_NON_LITERAL_NULL_CONVERSION = YES;
				CLANG_WARN_OBJC_IMPLICIT_RETAIN_SELF = YES;
				CLANG_WARN_OBJC_LITERAL_CONVERSION = YES;
				CLANG_WARN_OBJC_ROOT_CLASS = YES_ERROR;
				CLANG_WARN_RANGE_LOOP_ANALYSIS = YES;
				CLANG_WARN_STRICT_PROTOTYPES = YES;
				CLANG_WARN_SUSPICIOUS_MOVE = YES;
				CLANG_WARN_UNGUARDED_AVAILABILITY = YES_AGGRESSIVE;
				CLANG_WARN_UNREACHABLE_CODE = YES;
				CLANG_WARN__DUPLICATE_METHOD_MATCH = YES;
				CODE_SIGN_IDENTITY = "iPhone Developer";
				COPY_PHASE_STRIP = NO;
				DEBUG_INFORMATION_FORMAT = dwarf;
				ENABLE_STRICT_OBJC_MSGSEND = YES;
				ENABLE_TESTABILITY = YES;
				GCC_C_LANGUAGE_STANDARD = gnu11;
				GCC_DYNAMIC_NO_PIC = NO;
				GCC_NO_COMMON_BLOCKS = YES;
				GCC_OPTIMIZATION_LEVEL = 0;
				GCC_PREPROCESSOR_DEFINITIONS = (
					"DEBUG=1",
					"$(inherited)",
				);
				GCC_WARN_64_TO_32_BIT_CONVERSION = YES;
				GCC_WARN_ABOUT_RETURN_TYPE = YES_ERROR;
				GCC_WARN_UNDECLARED_SELECTOR = YES;
				GCC_WARN_UNINITIALIZED_AUTOS = YES_AGGRESSIVE;
				GCC_WARN_UNUSED_FUNCTION = YES;
				GCC_WARN_UNUSED_VARIABLE = YES;
				IPHONEOS_DEPLOYMENT_TARGET = 12.4;
				MTL_ENABLE_DEBUG_INFO = INCLUDE_SOURCE;
				MTL_FAST_MATH = YES;
				ONLY_ACTIVE_ARCH = YES;
				SDKROOT = iphoneos;
				SWIFT_ACTIVE_COMPILATION_CONDITIONS = DEBUG;
				SWIFT_OPTIMIZATION_LEVEL = "-Onone";
			};
			name = Debug;
		};
		CFBA9131237309A500A41058 /* Release */ = {
			isa = XCBuildConfiguration;
			buildSettings = {
				ALWAYS_SEARCH_USER_PATHS = NO;
				CLANG_ANALYZER_NONNULL = YES;
				CLANG_ANALYZER_NUMBER_OBJECT_CONVERSION = YES_AGGRESSIVE;
				CLANG_CXX_LANGUAGE_STANDARD = "gnu++14";
				CLANG_CXX_LIBRARY = "libc++";
				CLANG_ENABLE_MODULES = YES;
				CLANG_ENABLE_OBJC_ARC = YES;
				CLANG_ENABLE_OBJC_WEAK = YES;
				CLANG_WARN_BLOCK_CAPTURE_AUTORELEASING = YES;
				CLANG_WARN_BOOL_CONVERSION = YES;
				CLANG_WARN_COMMA = YES;
				CLANG_WARN_CONSTANT_CONVERSION = YES;
				CLANG_WARN_DEPRECATED_OBJC_IMPLEMENTATIONS = YES;
				CLANG_WARN_DIRECT_OBJC_ISA_USAGE = YES_ERROR;
				CLANG_WARN_DOCUMENTATION_COMMENTS = YES;
				CLANG_WARN_EMPTY_BODY = YES;
				CLANG_WARN_ENUM_CONVERSION = YES;
				CLANG_WARN_INFINITE_RECURSION = YES;
				CLANG_WARN_INT_CONVERSION = YES;
				CLANG_WARN_NON_LITERAL_NULL_CONVERSION = YES;
				CLANG_WARN_OBJC_IMPLICIT_RETAIN_SELF = YES;
				CLANG_WARN_OBJC_LITERAL_CONVERSION = YES;
				CLANG_WARN_OBJC_ROOT_CLASS = YES_ERROR;
				CLANG_WARN_RANGE_LOOP_ANALYSIS = YES;
				CLANG_WARN_STRICT_PROTOTYPES = YES;
				CLANG_WARN_SUSPICIOUS_MOVE = YES;
				CLANG_WARN_UNGUARDED_AVAILABILITY = YES_AGGRESSIVE;
				CLANG_WARN_UNREACHABLE_CODE = YES;
				CLANG_WARN__DUPLICATE_METHOD_MATCH = YES;
				CODE_SIGN_IDENTITY = "iPhone Developer";
				COPY_PHASE_STRIP = NO;
				DEBUG_INFORMATION_FORMAT = "dwarf-with-dsym";
				ENABLE_NS_ASSERTIONS = NO;
				ENABLE_STRICT_OBJC_MSGSEND = YES;
				GCC_C_LANGUAGE_STANDARD = gnu11;
				GCC_NO_COMMON_BLOCKS = YES;
				GCC_WARN_64_TO_32_BIT_CONVERSION = YES;
				GCC_WARN_ABOUT_RETURN_TYPE = YES_ERROR;
				GCC_WARN_UNDECLARED_SELECTOR = YES;
				GCC_WARN_UNINITIALIZED_AUTOS = YES_AGGRESSIVE;
				GCC_WARN_UNUSED_FUNCTION = YES;
				GCC_WARN_UNUSED_VARIABLE = YES;
				IPHONEOS_DEPLOYMENT_TARGET = 12.4;
				MTL_ENABLE_DEBUG_INFO = NO;
				MTL_FAST_MATH = YES;
				SDKROOT = iphoneos;
				SWIFT_COMPILATION_MODE = wholemodule;
				SWIFT_OPTIMIZATION_LEVEL = "-O";
				VALIDATE_PRODUCT = YES;
			};
			name = Release;
		};
		CFBA9133237309A500A41058 /* Debug */ = {
			isa = XCBuildConfiguration;
			buildSettings = {
				ASSETCATALOG_COMPILER_APPICON_NAME = AppIcon;
				CODE_SIGN_STYLE = Automatic;
				DEVELOPMENT_TEAM = 9274QKWCQ3;
				INFOPLIST_FILE = "C-Organizer/Info.plist";
				LD_RUNPATH_SEARCH_PATHS = (
					"$(inherited)",
					"@executable_path/Frameworks",
				);
				PRODUCT_BUNDLE_IDENTIFIER = "keneishawiggan.com.C-Organizer";
				PRODUCT_NAME = "$(TARGET_NAME)";
				SWIFT_VERSION = 5.0;
				TARGETED_DEVICE_FAMILY = "1,2";
			};
			name = Debug;
		};
		CFBA9134237309A500A41058 /* Release */ = {
			isa = XCBuildConfiguration;
			buildSettings = {
				ASSETCATALOG_COMPILER_APPICON_NAME = AppIcon;
				CODE_SIGN_STYLE = Automatic;
				DEVELOPMENT_TEAM = 9274QKWCQ3;
				INFOPLIST_FILE = "C-Organizer/Info.plist";
				LD_RUNPATH_SEARCH_PATHS = (
					"$(inherited)",
					"@executable_path/Frameworks",
				);
				PRODUCT_BUNDLE_IDENTIFIER = "keneishawiggan.com.C-Organizer";
				PRODUCT_NAME = "$(TARGET_NAME)";
				SWIFT_VERSION = 5.0;
				TARGETED_DEVICE_FAMILY = "1,2";
			};
			name = Release;
		};
/* End XCBuildConfiguration section */

/* Begin XCConfigurationList section */
		CFBA9118237309A300A41058 /* Build configuration list for PBXProject "C-Organizer" */ = {
			isa = XCConfigurationList;
			buildConfigurations = (
				CFBA9130237309A500A41058 /* Debug */,
				CFBA9131237309A500A41058 /* Release */,
			);
			defaultConfigurationIsVisible = 0;
			defaultConfigurationName = Release;
		};
		CFBA9132237309A500A41058 /* Build configuration list for PBXNativeTarget "C-Organizer" */ = {
			isa = XCConfigurationList;
			buildConfigurations = (
				CFBA9133237309A500A41058 /* Debug */,
				CFBA9134237309A500A41058 /* Release */,
			);
			defaultConfigurationIsVisible = 0;
			defaultConfigurationName = Release;
		};
/* End XCConfigurationList section */

/* Begin XCVersionGroup section */
		CFBA9127237309A300A41058 /* C_Organizer.xcdatamodeld */ = {
			isa = XCVersionGroup;
			children = (
				CFBA9128237309A300A41058 /* C_Organizer.xcdatamodel */,
			);
			currentVersion = CFBA9128237309A300A41058 /* C_Organizer.xcdatamodel */;
			path = C_Organizer.xcdatamodeld;
			sourceTree = "<group>";
			versionGroupType = wrapper.xcdatamodel;
		};
/* End XCVersionGroup section */
	};
	rootObject = CFBA9115237309A300A41058 /* Project object */;
}
